
Microsoft Visual Studio Solution File, Format Version 12.00
# Visual Studio Version 16
VisualStudioVersion = 16.0.34114.132
MinimumVisualStudioVersion = 10.0.40219.1
Project("{FAE04EC0-301F-11D3-BF4B-00C04F79EFBC}") = "AcessoBancoDados", "AcessoBancoDados\AcessoBancoDados.csproj", "{9B64C297-CFC8-4023-B908-24F11A053C3D}"
EndProject
Project("{FAE04EC0-301F-11D3-BF4B-00C04F79EFBC}") = "Negocios", "Negocios\Negocios.csproj", "{34341E5B-CDE4-4A28-8D78-5629E752BE83}"
EndProject
Project("{FAE04EC0-301F-11D3-BF4B-00C04F79EFBC}") = "Apresentacao", "Apresentacao\Apresentacao.csproj", "{C4829CFA-3C00-4A38-8B0A-9A8F4DDF21F5}"
EndProject
Project("{FAE04EC0-301F-11D3-BF4B-00C04F79EFBC}") = "ObjetoTransferencia", "ObjetoTransferencia\ObjetoTransferencia.csproj", "{A8A0D51A-FCCB-4185-A65B-B3937D7D287C}"
EndProject
Global
	GlobalSection(SolutionConfigurationPlatforms) = preSolution
		Debug|Any CPU = Debug|Any CPU
		Release|Any CPU = Release|Any CPU
	EndGlobalSection
	GlobalSection(ProjectConfigurationPlatforms) = postSolution
		{9B64C297-CFC8-4023-B908-24F11A053C3D}.Debug|Any CPU.ActiveCfg = Debug|Any CPU
		{9B64C297-CFC8-4023-B908-24F11A053C3D}.Debug|Any CPU.Build.0 = Debug|Any CPU
		{9B64C297-CFC8-4023-B908-24F11A053C3D}.Release|Any CPU.ActiveCfg = Release|Any CPU
		{9B64C297-CFC8-4023-B908-24F11A053C3D}.Release|Any CPU.Build.0 = Release|Any CPU
		{34341E5B-CDE4-4A28-8D78-5629E752BE83}.Debug|Any CPU.ActiveCfg = Debug|Any CPU
		{34341E5B-CDE4-4A28-8D78-5629E752BE83}.Debug|Any CPU.Build.0 = Debug|Any CPU
		{34341E5B-CDE4-4A28-8D78-5629E752BE83}.Release|Any CPU.ActiveCfg = Release|Any CPU
		{34341E5B-CDE4-4A28-8D78-5629E752BE83}.Release|Any CPU.Build.0 = Release|Any CPU
		{C4829CFA-3C00-4A38-8B0A-9A8F4DDF21F5}.Debug|Any CPU.ActiveCfg = Debug|Any CPU
		{C4829CFA-3C00-4A38-8B0A-9A8F4DDF21F5}.Debug|Any CPU.Build.0 = Debug|Any CPU
		{C4829CFA-3C00-4A38-8B0A-9A8F4DDF21F5}.Release|Any CPU.ActiveCfg = Release|Any CPU
		{C4829CFA-3C00-4A38-8B0A-9A8F4DDF21F5}.Release|Any CPU.Build.0 = Release|Any CPU
		{A8A0D51A-FCCB-4185-A65B-B3937D7D287C}.Debug|Any CPU.ActiveCfg = Debug|Any CPU
		{A8A0D51A-FCCB-4185-A65B-B3937D7D287C}.Debug|Any CPU.Build.0 = Debug|Any CPU
		{A8A0D51A-FCCB-4185-A65B-B3937D7D287C}.Release|Any CPU.ActiveCfg = Release|Any CPU
		{A8A0D51A-FCCB-4185-A65B-B3937D7D287C}.Release|Any CPU.Build.0 = Release|Any CPU
	EndGlobalSection
	GlobalSection(SolutionProperties) = preSolution
		HideSolutionNode = FALSE
	EndGlobalSection
	GlobalSection(ExtensibilityGlobals) = postSolution
		SolutionGuid = {AFC0D06E-65CD-49D5-9979-CC24B9AD3465}
	EndGlobalSection
EndGlobal
